
Microsoft Visual Studio Solution File, Format Version 12.00
# Visual Studio 15
VisualStudioVersion = 15.0.27703.2042
MinimumVisualStudioVersion = 10.0.40219.1
Project("{FAE04EC0-301F-11D3-BF4B-00C04F79EFBC}") = "hw", "hw\hw.csproj", "{0259695E-534F-49B3-A598-301DE7C1E03C}"
EndProject
Global
	GlobalSection(SolutionConfigurationPlatforms) = preSolution
		Debug|Any CPU = Debug|Any CPU
		Release|Any CPU = Release|Any CPU
	EndGlobalSection
	GlobalSection(ProjectConfigurationPlatforms) = postSolution
		{0259695E-534F-49B3-A598-301DE7C1E03C}.Debug|Any CPU.ActiveCfg = Debug|Any CPU
		{0259695E-534F-49B3-A598-301DE7C1E03C}.Debug|Any CPU.Build.0 = Debug|Any CPU
		{0259695E-534F-49B3-A598-301DE7C1E03C}.Release|Any CPU.ActiveCfg = Release|Any CPU
		{0259695E-534F-49B3-A598-301DE7C1E03C}.Release|Any CPU.Build.0 = Release|Any CPU
	EndGlobalSection
	GlobalSection(SolutionProperties) = preSolution
		HideSolutionNode = FALSE
	EndGlobalSection
	GlobalSection(ExtensibilityGlobals) = postSolution
		SolutionGuid = {0E57C1B9-1AD6-4782-9B61-AC3637474536}
	EndGlobalSection
EndGlobal
